
Microsoft Visual Studio Solution File, Format Version 12.00
# Visual Studio Version 16
VisualStudioVersion = 16.0.29319.158
MinimumVisualStudioVersion = 10.0.40219.1
Project("{FAE04EC0-301F-11D3-BF4B-00C04F79EFBC}") = "Rebound", "Rebound\Rebound.csproj", "{63F9575E-834A-48C3-A156-E10BB4BB0EB0}"
EndProject
Global
	GlobalSection(SolutionConfigurationPlatforms) = preSolution
		Debug|Any CPU = Debug|Any CPU
		Release|Any CPU = Release|Any CPU
	EndGlobalSection
	GlobalSection(ProjectConfigurationPlatforms) = postSolution
		{63F9575E-834A-48C3-A156-E10BB4BB0EB0}.Debug|Any CPU.ActiveCfg = Debug|Any CPU
		{63F9575E-834A-48C3-A156-E10BB4BB0EB0}.Debug|Any CPU.Build.0 = Debug|Any CPU
		{63F9575E-834A-48C3-A156-E10BB4BB0EB0}.Release|Any CPU.ActiveCfg = Release|Any CPU
		{63F9575E-834A-48C3-A156-E10BB4BB0EB0}.Release|Any CPU.Build.0 = Release|Any CPU
	EndGlobalSection
	GlobalSection(SolutionProperties) = preSolution
		HideSolutionNode = FALSE
	EndGlobalSection
	GlobalSection(ExtensibilityGlobals) = postSolution
		SolutionGuid = {26EDF9BA-2238-4E8D-ACC3-ECB7C327D36B}
	EndGlobalSection
	GlobalSection(TeamFoundationVersionControl) = preSolution
		SccNumberOfProjects = 2
		SccEnterpriseProvider = {4CA58AB2-18FA-4F8D-95D4-32DDF27D184C}
		SccTeamFoundationServer = https://dev.azure.com/vonome
		SccLocalPath0 = .
		SccProjectUniqueName1 = Rebound\\Rebound.csproj
		SccProjectName1 = Rebound
		SccLocalPath1 = Rebound
	EndGlobalSection
EndGlobal
